
Microsoft Visual Studio Solution File, Format Version 12.00
# Visual Studio Version 16
VisualStudioVersion = 16.0.28803.352
MinimumVisualStudioVersion = 10.0.40219.1
Project("{FAE04EC0-301F-11D3-BF4B-00C04F79EFBC}") = "27-May-2019", "27-May-2019\27-May-2019.csproj", "{2C13420F-E53C-4BB8-B131-7D6ABD83C340}"
EndProject
Global
	GlobalSection(SolutionConfigurationPlatforms) = preSolution
		Debug|Any CPU = Debug|Any CPU
		Release|Any CPU = Release|Any CPU
	EndGlobalSection
	GlobalSection(ProjectConfigurationPlatforms) = postSolution
		{2C13420F-E53C-4BB8-B131-7D6ABD83C340}.Debug|Any CPU.ActiveCfg = Debug|Any CPU
		{2C13420F-E53C-4BB8-B131-7D6ABD83C340}.Debug|Any CPU.Build.0 = Debug|Any CPU
		{2C13420F-E53C-4BB8-B131-7D6ABD83C340}.Release|Any CPU.ActiveCfg = Release|Any CPU
		{2C13420F-E53C-4BB8-B131-7D6ABD83C340}.Release|Any CPU.Build.0 = Release|Any CPU
	EndGlobalSection
	GlobalSection(SolutionProperties) = preSolution
		HideSolutionNode = FALSE
	EndGlobalSection
	GlobalSection(ExtensibilityGlobals) = postSolution
		SolutionGuid = {CE251CFC-3EAB-4929-9A54-F5BD13EB3CB7}
	EndGlobalSection
EndGlobal
